// !$*UTF8*$!
{
	archiveVersion = 1;
	classes = {
	};
	objectVersion = 46;
	objects = {

/* Begin PBXBuildFile section */
		631AF1511BE20A0F00DF15C7 /* main.m in Sources */ = {isa = PBXBuildFile; fileRef = 631AF1501BE20A0F00DF15C7 /* main.m */; };
		631AF1541BE20A0F00DF15C7 /* AppDelegate.m in Sources */ = {isa = PBXBuildFile; fileRef = 631AF1531BE20A0F00DF15C7 /* AppDelegate.m */; };
		631AF15C1BE20A0F00DF15C7 /* Assets.xcassets in Resources */ = {isa = PBXBuildFile; fileRef = 631AF15B1BE20A0F00DF15C7 /* Assets.xcassets */; };
		631AF16A1BE20A0F00DF15C7 /* WishCardTests.m in Sources */ = {isa = PBXBuildFile; fileRef = 631AF1691BE20A0F00DF15C7 /* WishCardTests.m */; };
		631AF1751BE20A0F00DF15C7 /* WishCardUITests.m in Sources */ = {isa = PBXBuildFile; fileRef = 631AF1741BE20A0F00DF15C7 /* WishCardUITests.m */; };
/* End PBXBuildFile section */

/* Begin PBXContainerItemProxy section */
		631AF1661BE20A0F00DF15C7 /* PBXContainerItemProxy */ = {
			isa = PBXContainerItemProxy;
			containerPortal = 631AF1441BE20A0F00DF15C7 /* Project object */;
			proxyType = 1;
			remoteGlobalIDString = 631AF14B1BE20A0F00DF15C7;
			remoteInfo = WishCard;
		};
		631AF1711BE20A0F00DF15C7 /* PBXContainerItemProxy */ = {
			isa = PBXContainerItemProxy;
			containerPortal = 631AF1441BE20A0F00DF15C7 /* Project object */;
			proxyType = 1;
			remoteGlobalIDString = 631AF14B1BE20A0F00DF15C7;
			remoteInfo = WishCard;
		};
/* End PBXContainerItemProxy section */

/* Begin PBXFileReference section */
		631AF14C1BE20A0F00DF15C7 /* WishCard.app */ = {isa = PBXFileReference; explicitFileType = wrapper.application; includeInIndex = 0; path = WishCard.app; sourceTree = BUILT_PRODUCTS_DIR; };
		631AF1501BE20A0F00DF15C7 /* main.m */ = {isa = PBXFileReference; lastKnownFileType = sourcecode.c.objc; path = main.m; sourceTree = "<group>"; };
		631AF1521BE20A0F00DF15C7 /* AppDelegate.h */ = {isa = PBXFileReference; lastKnownFileType = sourcecode.c.h; path = AppDelegate.h; sourceTree = "<group>"; };
		631AF1531BE20A0F00DF15C7 /* AppDelegate.m */ = {isa = PBXFileReference; lastKnownFileType = sourcecode.c.objc; path = AppDelegate.m; sourceTree = "<group>"; };
		631AF15B1BE20A0F00DF15C7 /* Assets.xcassets */ = {isa = PBXFileReference; lastKnownFileType = folder.assetcatalog; path = Assets.xcassets; sourceTree = "<group>"; };
		631AF1601BE20A0F00DF15C7 /* Info.plist */ = {isa = PBXFileReference; lastKnownFileType = text.plist.xml; path = Info.plist; sourceTree = "<group>"; };
		631AF1651BE20A0F00DF15C7 /* WishCardTests.xctest */ = {isa = PBXFileReference; explicitFileType = wrapper.cfbundle; includeInIndex = 0; path = WishCardTests.xctest; sourceTree = BUILT_PRODUCTS_DIR; };
		631AF1691BE20A0F00DF15C7 /* WishCardTests.m */ = {isa = PBXFileReference; lastKnownFileType = sourcecode.c.objc; path = WishCardTests.m; sourceTree = "<group>"; };
		631AF16B1BE20A0F00DF15C7 /* Info.plist */ = {isa = PBXFileReference; lastKnownFileType = text.plist.xml; path = Info.plist; sourceTree = "<group>"; };
		631AF1701BE20A0F00DF15C7 /* WishCardUITests.xctest */ = {isa = PBXFileReference; explicitFileType = wrapper.cfbundle; includeInIndex = 0; path = WishCardUITests.xctest; sourceTree = BUILT_PRODUCTS_DIR; };
		631AF1741BE20A0F00DF15C7 /* WishCardUITests.m */ = {isa = PBXFileReference; lastKnownFileType = sourcecode.c.objc; path = WishCardUITests.m; sourceTree = "<group>"; };
		631AF1761BE20A0F00DF15C7 /* Info.plist */ = {isa = PBXFileReference; lastKnownFileType = text.plist.xml; path = Info.plist; sourceTree = "<group>"; };
/* End PBXFileReference section */

/* Begin PBXFrameworksBuildPhase section */
		631AF1491BE20A0F00DF15C7 /* Frameworks */ = {
			isa = PBXFrameworksBuildPhase;
			buildActionMask = 2147483647;
			files = (
			);
			runOnlyForDeploymentPostprocessing = 0;
		};
		631AF1621BE20A0F00DF15C7 /* Frameworks */ = {
			isa = PBXFrameworksBuildPhase;
			buildActionMask = 2147483647;
			files = (
			);
			runOnlyForDeploymentPostprocessing = 0;
		};
		631AF16D1BE20A0F00DF15C7 /* Frameworks */ = {
			isa = PBXFrameworksBuildPhase;
			buildActionMask = 2147483647;
			files = (
			);
			runOnlyForDeploymentPostprocessing = 0;
		};
/* End PBXFrameworksBuildPhase section */

/* Begin PBXGroup section */
		631AF1431BE20A0F00DF15C7 = {
			isa = PBXGroup;
			children = (
				631AF14E1BE20A0F00DF15C7 /* WishCard */,
				631AF1681BE20A0F00DF15C7 /* WishCardTests */,
				631AF1731BE20A0F00DF15C7 /* WishCardUITests */,
				631AF14D1BE20A0F00DF15C7 /* Products */,
			);
			sourceTree = "<group>";
		};
		631AF14D1BE20A0F00DF15C7 /* Products */ = {
			isa = PBXGroup;
			children = (
				631AF14C1BE20A0F00DF15C7 /* WishCard.app */,
				631AF1651BE20A0F00DF15C7 /* WishCardTests.xctest */,
				631AF1701BE20A0F00DF15C7 /* WishCardUITests.xctest */,
			);
			name = Products;
			sourceTree = "<group>";
		};
		631AF14E1BE20A0F00DF15C7 /* WishCard */ = {
			isa = PBXGroup;
			children = (
				631AF1521BE20A0F00DF15C7 /* AppDelegate.h */,
				631AF1531BE20A0F00DF15C7 /* AppDelegate.m */,
				631AF15B1BE20A0F00DF15C7 /* Assets.xcassets */,
				631AF1601BE20A0F00DF15C7 /* Info.plist */,
				631AF14F1BE20A0F00DF15C7 /* Supporting Files */,
			);
			path = WishCard;
			sourceTree = "<group>";
		};
		631AF14F1BE20A0F00DF15C7 /* Supporting Files */ = {
			isa = PBXGroup;
			children = (
				631AF1501BE20A0F00DF15C7 /* main.m */,
			);
			name = "Supporting Files";
			sourceTree = "<group>";
		};
		631AF1681BE20A0F00DF15C7 /* WishCardTests */ = {
			isa = PBXGroup;
			children = (
				631AF1691BE20A0F00DF15C7 /* WishCardTests.m */,
				631AF16B1BE20A0F00DF15C7 /* Info.plist */,
			);
			path = WishCardTests;
			sourceTree = "<group>";
		};
		631AF1731BE20A0F00DF15C7 /* WishCardUITests */ = {
			isa = PBXGroup;
			children = (
				631AF1741BE20A0F00DF15C7 /* WishCardUITests.m */,
				631AF1761BE20A0F00DF15C7 /* Info.plist */,
			);
			path = WishCardUITests;
			sourceTree = "<group>";
		};
/* End PBXGroup section */

/* Begin PBXNativeTarget section */
		631AF14B1BE20A0F00DF15C7 /* WishCard */ = {
			isa = PBXNativeTarget;
			buildConfigurationList = 631AF1791BE20A0F00DF15C7 /* Build configuration list for PBXNativeTarget "WishCard" */;
			buildPhases = (
				631AF1481BE20A0F00DF15C7 /* Sources */,
				631AF1491BE20A0F00DF15C7 /* Frameworks */,
				631AF14A1BE20A0F00DF15C7 /* Resources */,
			);
			buildRules = (
			);
			dependencies = (
			);
			name = WishCard;
			productName = WishCard;
			productReference = 631AF14C1BE20A0F00DF15C7 /* WishCard.app */;
			productType = "com.apple.product-type.application";
		};
		631AF1641BE20A0F00DF15C7 /* WishCardTests */ = {
			isa = PBXNativeTarget;
			buildConfigurationList = 631AF17C1BE20A0F00DF15C7 /* Build configuration list for PBXNativeTarget "WishCardTests" */;
			buildPhases = (
				631AF1611BE20A0F00DF15C7 /* Sources */,
				631AF1621BE20A0F00DF15C7 /* Frameworks */,
				631AF1631BE20A0F00DF15C7 /* Resources */,
			);
			buildRules = (
			);
			dependencies = (
				631AF1671BE20A0F00DF15C7 /* PBXTargetDependency */,
			);
			name = WishCardTests;
			productName = WishCardTests;
			productReference = 631AF1651BE20A0F00DF15C7 /* WishCardTests.xctest */;
			productType = "com.apple.product-type.bundle.unit-test";
		};
		631AF16F1BE20A0F00DF15C7 /* WishCardUITests */ = {
			isa = PBXNativeTarget;
			buildConfigurationList = 631AF17F1BE20A0F00DF15C7 /* Build configuration list for PBXNativeTarget "WishCardUITests" */;
			buildPhases = (
				631AF16C1BE20A0F00DF15C7 /* Sources */,
				631AF16D1BE20A0F00DF15C7 /* Frameworks */,
				631AF16E1BE20A0F00DF15C7 /* Resources */,
			);
			buildRules = (
			);
			dependencies = (
				631AF1721BE20A0F00DF15C7 /* PBXTargetDependency */,
			);
			name = WishCardUITests;
			productName = WishCardUITests;
			productReference = 631AF1701BE20A0F00DF15C7 /* WishCardUITests.xctest */;
			productType = "com.apple.product-type.bundle.ui-testing";
		};
/* End PBXNativeTarget section */

/* Begin PBXProject section */
		631AF1441BE20A0F00DF15C7 /* Project object */ = {
			isa = PBXProject;
			attributes = {
				LastUpgradeCheck = 0710;
				ORGANIZATIONNAME = GuoguangGaoTong;
				TargetAttributes = {
					631AF14B1BE20A0F00DF15C7 = {
						CreatedOnToolsVersion = 7.1;
					};
					631AF1641BE20A0F00DF15C7 = {
						CreatedOnToolsVersion = 7.1;
						TestTargetID = 631AF14B1BE20A0F00DF15C7;
					};
					631AF16F1BE20A0F00DF15C7 = {
						CreatedOnToolsVersion = 7.1;
						TestTargetID = 631AF14B1BE20A0F00DF15C7;
					};
				};
			};
			buildConfigurationList = 631AF1471BE20A0F00DF15C7 /* Build configuration list for PBXProject "WishCard" */;
			compatibilityVersion = "Xcode 3.2";
			developmentRegion = English;
			hasScannedForEncodings = 0;
			knownRegions = (
				en,
				Base,
			);
			mainGroup = 631AF1431BE20A0F00DF15C7;
			productRefGroup = 631AF14D1BE20A0F00DF15C7 /* Products */;
			projectDirPath = "";
			projectRoot = "";
			targets = (
				631AF14B1BE20A0F00DF15C7 /* WishCard */,
				631AF1641BE20A0F00DF15C7 /* WishCardTests */,
				631AF16F1BE20A0F00DF15C7 /* WishCardUITests */,
			);
		};
/* End PBXProject section */

/* Begin PBXResourcesBuildPhase section */
		631AF14A1BE20A0F00DF15C7 /* Resources */ = {
			isa = PBXResourcesBuildPhase;
			buildActionMask = 2147483647;
			files = (
				631AF15C1BE20A0F00DF15C7 /* Assets.xcassets in Resources */,
			);
			runOnlyForDeploymentPostprocessing = 0;
		};
		631AF1631BE20A0F00DF15C7 /* Resources */ = {
			isa = PBXResourcesBuildPhase;
			buildActionMask = 2147483647;
			files = (
			);
			runOnlyForDeploymentPostprocessing = 0;
		};
		631AF16E1BE20A0F00DF15C7 /* Resources */ = {
			isa = PBXResourcesBuildPhase;
			buildActionMask = 2147483647;
			files = (
			);
			runOnlyForDeploymentPostprocessing = 0;
		};
/* End PBXResourcesBuildPhase section */

/* Begin PBXSourcesBuildPhase section */
		631AF1481BE20A0F00DF15C7 /* Sources */ = {
			isa = PBXSourcesBuildPhase;
			buildActionMask = 2147483647;
			files = (
				631AF1541BE20A0F00DF15C7 /* AppDelegate.m in Sources */,
				631AF1511BE20A0F00DF15C7 /* main.m in Sources */,
			);
			runOnlyForDeploymentPostprocessing = 0;
		};
		631AF1611BE20A0F00DF15C7 /* Sources */ = {
			isa = PBXSourcesBuildPhase;
			buildActionMask = 2147483647;
			files = (
				631AF16A1BE20A0F00DF15C7 /* WishCardTests.m in Sources */,
			);
			runOnlyForDeploymentPostprocessing = 0;
		};
		631AF16C1BE20A0F00DF15C7 /* Sources */ = {
			isa = PBXSourcesBuildPhase;
			buildActionMask = 2147483647;
			files = (
				631AF1751BE20A0F00DF15C7 /* WishCardUITests.m in Sources */,
			);
			runOnlyForDeploymentPostprocessing = 0;
		};
/* End PBXSourcesBuildPhase section */

/* Begin PBXTargetDependency section */
		631AF1671BE20A0F00DF15C7 /* PBXTargetDependency */ = {
			isa = PBXTargetDependency;
			target = 631AF14B1BE20A0F00DF15C7 /* WishCard */;
			targetProxy = 631AF1661BE20A0F00DF15C7 /* PBXContainerItemProxy */;
		};
		631AF1721BE20A0F00DF15C7 /* PBXTargetDependency */ = {
			isa = PBXTargetDependency;
			target = 631AF14B1BE20A0F00DF15C7 /* WishCard */;
			targetProxy = 631AF1711BE20A0F00DF15C7 /* PBXContainerItemProxy */;
		};
/* End PBXTargetDependency section */

/* Begin XCBuildConfiguration section */
		631AF1771BE20A0F00DF15C7 /* Debug */ = {
			isa = XCBuildConfiguration;
			buildSettings = {
				ALWAYS_SEARCH_USER_PATHS = NO;
				CLANG_CXX_LANGUAGE_STANDARD = "gnu++0x";
				CLANG_CXX_LIBRARY = "libc++";
				CLANG_ENABLE_MODULES = YES;
				CLANG_ENABLE_OBJC_ARC = YES;
				CLANG_WARN_BOOL_CONVERSION = YES;
				CLANG_WARN_CONSTANT_CONVERSION = YES;
				CLANG_WARN_DIRECT_OBJC_ISA_USAGE = YES_ERROR;
				CLANG_WARN_EMPTY_BODY = YES;
				CLANG_WARN_ENUM_CONVERSION = YES;
				CLANG_WARN_INT_CONVERSION = YES;
				CLANG_WARN_OBJC_ROOT_CLASS = YES_ERROR;
				CLANG_WARN_UNREACHABLE_CODE = YES;
				CLANG_WARN__DUPLICATE_METHOD_MATCH = YES;
				"CODE_SIGN_IDENTITY[sdk=iphoneos*]" = "iPhone Developer";
				COPY_PHASE_STRIP = NO;
				DEBUG_INFORMATION_FORMAT = dwarf;
				ENABLE_STRICT_OBJC_MSGSEND = YES;
				ENABLE_TESTABILITY = YES;
				GCC_C_LANGUAGE_STANDARD = gnu99;
				GCC_DYNAMIC_NO_PIC = NO;
				GCC_NO_COMMON_BLOCKS = YES;
				GCC_OPTIMIZATION_LEVEL = 0;
				GCC_PREPROCESSOR_DEFINITIONS = (
					"DEBUG=1",
					"$(inherited)",
				);
				GCC_WARN_64_TO_32_BIT_CONVERSION = YES;
				GCC_WARN_ABOUT_RETURN_TYPE = YES_ERROR;
				GCC_WARN_UNDECLARED_SELECTOR = YES;
				GCC_WARN_UNINITIALIZED_AUTOS = YES_AGGRESSIVE;
				GCC_WARN_UNUSED_FUNCTION = YES;
				GCC_WARN_UNUSED_VARIABLE = YES;
				IPHONEOS_DEPLOYMENT_TARGET = 9.1;
				MTL_ENABLE_DEBUG_INFO = YES;
				ONLY_ACTIVE_ARCH = YES;
				SDKROOT = iphoneos;
				TARGETED_DEVICE_FAMILY = "1,2";
			};
			name = Debug;
		};
		631AF1781BE20A0F00DF15C7 /* Release */ = {
			isa = XCBuildConfiguration;
			buildSettings = {
				ALWAYS_SEARCH_USER_PATHS = NO;
				CLANG_CXX_LANGUAGE_STANDARD = "gnu++0x";
				CLANG_CXX_LIBRARY = "libc++";
				CLANG_ENABLE_MODULES = YES;
				CLANG_ENABLE_OBJC_ARC = YES;
				CLANG_WARN_BOOL_CONVERSION = YES;
				CLANG_WARN_CONSTANT_CONVERSION = YES;
				CLANG_WARN_DIRECT_OBJC_ISA_USAGE = YES_ERROR;
				CLANG_WARN_EMPTY_BODY = YES;
				CLANG_WARN_ENUM_CONVERSION = YES;
				CLANG_WARN_INT_CONVERSION = YES;
				CLANG_WARN_OBJC_ROOT_CLASS = YES_ERROR;
				CLANG_WARN_UNREACHABLE_CODE = YES;
				CLANG_WARN__DUPLICATE_METHOD_MATCH = YES;
				"CODE_SIGN_IDENTITY[sdk=iphoneos*]" = "iPhone Developer";
				COPY_PHASE_STRIP = NO;
				DEBUG_INFORMATION_FORMAT = "dwarf-with-dsym";
				ENABLE_NS_ASSERTIONS = NO;
				ENABLE_STRICT_OBJC_MSGSEND = YES;
				GCC_C_LANGUAGE_STANDARD = gnu99;
				GCC_NO_COMMON_BLOCKS = YES;
				GCC_WARN_64_TO_32_BIT_CONVERSION = YES;
				GCC_WARN_ABOUT_RETURN_TYPE = YES_ERROR;
				GCC_WARN_UNDECLARED_SELECTOR = YES;
				GCC_WARN_UNINITIALIZED_AUTOS = YES_AGGRESSIVE;
				GCC_WARN_UNUSED_FUNCTION = YES;
				GCC_WARN_UNUSED_VARIABLE = YES;
				IPHONEOS_DEPLOYMENT_TARGET = 9.1;
				MTL_ENABLE_DEBUG_INFO = NO;
				SDKROOT = iphoneos;
				TARGETED_DEVICE_FAMILY = "1,2";
				VALIDATE_PRODUCT = YES;
			};
			name = Release;
		};
		631AF17A1BE20A0F00DF15C7 /* Debug */ = {
			isa = XCBuildConfiguration;
			buildSettings = {
				ASSETCATALOG_COMPILER_APPICON_NAME = AppIcon;
				INFOPLIST_FILE = WishCard/Info.plist;
				LD_RUNPATH_SEARCH_PATHS = "$(inherited) @executable_path/Frameworks";
				PRODUCT_BUNDLE_IDENTIFIER = com.cctbn.ChinaTransport.WishCard;
				PRODUCT_NAME = "$(TARGET_NAME)";
			};
			name = Debug;
		};
		631AF17B1BE20A0F00DF15C7 /* Release */ = {
			isa = XCBuildConfiguration;
			buildSettings = {
				ASSETCATALOG_COMPILER_APPICON_NAME = AppIcon;
				INFOPLIST_FILE = WishCard/Info.plist;
				LD_RUNPATH_SEARCH_PATHS = "$(inherited) @executable_path/Frameworks";
				PRODUCT_BUNDLE_IDENTIFIER = com.cctbn.ChinaTransport.WishCard;
				PRODUCT_NAME = "$(TARGET_NAME)";
			};
			name = Release;
		};
		631AF17D1BE20A0F00DF15C7 /* Debug */ = {
			isa = XCBuildConfiguration;
			buildSettings = {
				BUNDLE_LOADER = "$(TEST_HOST)";
				INFOPLIST_FILE = WishCardTests/Info.plist;
				LD_RUNPATH_SEARCH_PATHS = "$(inherited) @executable_path/Frameworks @loader_path/Frameworks";
				PRODUCT_BUNDLE_IDENTIFIER = com.cctbn.ChinaTransport.WishCardTests;
				PRODUCT_NAME = "$(TARGET_NAME)";
				TEST_HOST = "$(BUILT_PRODUCTS_DIR)/WishCard.app/WishCard";
			};
			name = Debug;
		};
		631AF17E1BE20A0F00DF15C7 /* Release */ = {
			isa = XCBuildConfiguration;
			buildSettings = {
				BUNDLE_LOADER = "$(TEST_HOST)";
				INFOPLIST_FILE = WishCardTests/Info.plist;
				LD_RUNPATH_SEARCH_PATHS = "$(inherited) @executable_path/Frameworks @loader_path/Frameworks";
				PRODUCT_BUNDLE_IDENTIFIER = com.cctbn.ChinaTransport.WishCardTests;
				PRODUCT_NAME = "$(TARGET_NAME)";
				TEST_HOST = "$(BUILT_PRODUCTS_DIR)/WishCard.app/WishCard";
			};
			name = Release;
		};
		631AF1801BE20A0F00DF15C7 /* Debug */ = {
			isa = XCBuildConfiguration;
			buildSettings = {
				INFOPLIST_FILE = WishCardUITests/Info.plist;
				LD_RUNPATH_SEARCH_PATHS = "$(inherited) @executable_path/Frameworks @loader_path/Frameworks";
				PRODUCT_BUNDLE_IDENTIFIER = com.cctbn.ChinaTransport.WishCardUITests;
				PRODUCT_NAME = "$(TARGET_NAME)";
				TEST_TARGET_NAME = WishCard;
				USES_XCTRUNNER = YES;
			};
			name = Debug;
		};
		631AF1811BE20A0F00DF15C7 /* Release */ = {
			isa = XCBuildConfiguration;
			buildSettings = {
				INFOPLIST_FILE = WishCardUITests/Info.plist;
				LD_RUNPATH_SEARCH_PATHS = "$(inherited) @executable_path/Frameworks @loader_path/Frameworks";
				PRODUCT_BUNDLE_IDENTIFIER = com.cctbn.ChinaTransport.WishCardUITests;
				PRODUCT_NAME = "$(TARGET_NAME)";
				TEST_TARGET_NAME = WishCard;
				USES_XCTRUNNER = YES;
			};
			name = Release;
		};
/* End XCBuildConfiguration section */

/* Begin XCConfigurationList section */
		631AF1471BE20A0F00DF15C7 /* Build configuration list for PBXProject "WishCard" */ = {
			isa = XCConfigurationList;
			buildConfigurations = (
				631AF1771BE20A0F00DF15C7 /* Debug */,
				631AF1781BE20A0F00DF15C7 /* Release */,
			);
			defaultConfigurationIsVisible = 0;
			defaultConfigurationName = Release;
		};
		631AF1791BE20A0F00DF15C7 /* Build configuration list for PBXNativeTarget "WishCard" */ = {
			isa = XCConfigurationList;
			buildConfigurations = (
				631AF17A1BE20A0F00DF15C7 /* Debug */,
				631AF17B1BE20A0F00DF15C7 /* Release */,
			);
			defaultConfigurationIsVisible = 0;
		};
		631AF17C1BE20A0F00DF15C7 /* Build configuration list for PBXNativeTarget "WishCardTests" */ = {
			isa = XCConfigurationList;
			buildConfigurations = (
				631AF17D1BE20A0F00DF15C7 /* Debug */,
				631AF17E1BE20A0F00DF15C7 /* Release */,
			);
			defaultConfigurationIsVisible = 0;
		};
		631AF17F1BE20A0F00DF15C7 /* Build configuration list for PBXNativeTarget "WishCardUITests" */ = {
			isa = XCConfigurationList;
			buildConfigurations = (
				631AF1801BE20A0F00DF15C7 /* Debug */,
				631AF1811BE20A0F00DF15C7 /* Release */,
			);
			defaultConfigurationIsVisible = 0;
		};
/* End XCConfigurationList section */
	};
	rootObject = 631AF1441BE20A0F00DF15C7 /* Project object */;
}
